
Microsoft Visual Studio Solution File, Format Version 12.00
# Visual Studio 15
VisualStudioVersion = 15.0.28307.489
MinimumVisualStudioVersion = 10.0.40219.1
Project("{FAE04EC0-301F-11D3-BF4B-00C04F79EFBC}") = "Aula70", "Aula70\Aula70.csproj", "{B253EB24-59AE-48F4-957B-9D1605137C2B}"
EndProject
Global
	GlobalSection(SolutionConfigurationPlatforms) = preSolution
		Debug|Any CPU = Debug|Any CPU
		Release|Any CPU = Release|Any CPU
	EndGlobalSection
	GlobalSection(ProjectConfigurationPlatforms) = postSolution
		{B253EB24-59AE-48F4-957B-9D1605137C2B}.Debug|Any CPU.ActiveCfg = Debug|Any CPU
		{B253EB24-59AE-48F4-957B-9D1605137C2B}.Debug|Any CPU.Build.0 = Debug|Any CPU
		{B253EB24-59AE-48F4-957B-9D1605137C2B}.Release|Any CPU.ActiveCfg = Release|Any CPU
		{B253EB24-59AE-48F4-957B-9D1605137C2B}.Release|Any CPU.Build.0 = Release|Any CPU
	EndGlobalSection
	GlobalSection(SolutionProperties) = preSolution
		HideSolutionNode = FALSE
	EndGlobalSection
	GlobalSection(ExtensibilityGlobals) = postSolution
		SolutionGuid = {6ECE5FF3-2DC0-447E-B548-A9746D415980}
	EndGlobalSection
EndGlobal
